
Microsoft Visual Studio Solution File, Format Version 12.00
# Visual Studio Version 17
VisualStudioVersion = 17.11.35222.181
MinimumVisualStudioVersion = 10.0.40219.1
Project("{FAE04EC0-301F-11D3-BF4B-00C04F79EFBC}") = "ReagentSolver", "ReagentSolver\ReagentSolver.csproj", "{3B82F540-9A94-496E-BB77-062D118C35E0}"
EndProject
Global
	GlobalSection(SolutionConfigurationPlatforms) = preSolution
		Debug|Any CPU = Debug|Any CPU
		Release|Any CPU = Release|Any CPU
	EndGlobalSection
	GlobalSection(ProjectConfigurationPlatforms) = postSolution
		{3B82F540-9A94-496E-BB77-062D118C35E0}.Debug|Any CPU.ActiveCfg = Debug|Any CPU
		{3B82F540-9A94-496E-BB77-062D118C35E0}.Debug|Any CPU.Build.0 = Debug|Any CPU
		{3B82F540-9A94-496E-BB77-062D118C35E0}.Release|Any CPU.ActiveCfg = Release|Any CPU
		{3B82F540-9A94-496E-BB77-062D118C35E0}.Release|Any CPU.Build.0 = Release|Any CPU
	EndGlobalSection
	GlobalSection(SolutionProperties) = preSolution
		HideSolutionNode = FALSE
	EndGlobalSection
	GlobalSection(ExtensibilityGlobals) = postSolution
		SolutionGuid = {E618D5BE-1E13-440A-867A-716E2232F9FD}
	EndGlobalSection
EndGlobal
